
Microsoft Visual Studio Solution File, Format Version 12.00
# Visual Studio Version 16
VisualStudioVersion = 16.0.30517.126
MinimumVisualStudioVersion = 10.0.40219.1
Project("{FAE04EC0-301F-11D3-BF4B-00C04F79EFBC}") = "SimpleCalculator", "SimpleCalculator\SimpleCalculator.csproj", "{D9BDAE2D-2B66-4AE6-8067-37775E77B187}"
EndProject
Global
	GlobalSection(SolutionConfigurationPlatforms) = preSolution
		Debug|Any CPU = Debug|Any CPU
		Release|Any CPU = Release|Any CPU
	EndGlobalSection
	GlobalSection(ProjectConfigurationPlatforms) = postSolution
		{D9BDAE2D-2B66-4AE6-8067-37775E77B187}.Debug|Any CPU.ActiveCfg = Debug|Any CPU
		{D9BDAE2D-2B66-4AE6-8067-37775E77B187}.Debug|Any CPU.Build.0 = Debug|Any CPU
		{D9BDAE2D-2B66-4AE6-8067-37775E77B187}.Release|Any CPU.ActiveCfg = Release|Any CPU
		{D9BDAE2D-2B66-4AE6-8067-37775E77B187}.Release|Any CPU.Build.0 = Release|Any CPU
	EndGlobalSection
	GlobalSection(SolutionProperties) = preSolution
		HideSolutionNode = FALSE
	EndGlobalSection
	GlobalSection(ExtensibilityGlobals) = postSolution
		SolutionGuid = {1635374F-B60D-4ECB-A4AF-E4702CD61A7A}
	EndGlobalSection
EndGlobal
